
Microsoft Visual Studio Solution File, Format Version 12.00
# Visual Studio Version 17
VisualStudioVersion = 17.6.33712.159
MinimumVisualStudioVersion = 10.0.40219.1
Project("{FAE04EC0-301F-11D3-BF4B-00C04F79EFBC}") = "TemaShopping", "TemaShopping\TemaShopping.csproj", "{7D4190FF-7232-4919-A9B9-275F1DB9463E}"
EndProject
Global
	GlobalSection(SolutionConfigurationPlatforms) = preSolution
		Debug|Any CPU = Debug|Any CPU
		Release|Any CPU = Release|Any CPU
	EndGlobalSection
	GlobalSection(ProjectConfigurationPlatforms) = postSolution
		{7D4190FF-7232-4919-A9B9-275F1DB9463E}.Debug|Any CPU.ActiveCfg = Debug|Any CPU
		{7D4190FF-7232-4919-A9B9-275F1DB9463E}.Debug|Any CPU.Build.0 = Debug|Any CPU
		{7D4190FF-7232-4919-A9B9-275F1DB9463E}.Release|Any CPU.ActiveCfg = Release|Any CPU
		{7D4190FF-7232-4919-A9B9-275F1DB9463E}.Release|Any CPU.Build.0 = Release|Any CPU
	EndGlobalSection
	GlobalSection(SolutionProperties) = preSolution
		HideSolutionNode = FALSE
	EndGlobalSection
	GlobalSection(ExtensibilityGlobals) = postSolution
		SolutionGuid = {58ABFCFC-9F20-489A-904F-E0B516CF811E}
	EndGlobalSection
EndGlobal
